
Microsoft Visual Studio Solution File, Format Version 12.00
# Visual Studio Version 18
VisualStudioVersion = 18.2.11415.280 d18.0
MinimumVisualStudioVersion = 10.0.40219.1
Project("{8BC9CEB8-8B4A-11D0-8D11-00A0C91BC942}") = "GameServer", "GameServer\GameServer.vcxproj", "{A463E44E-F0AF-4CA1-93F8-4F7613DA8010}"
EndProject
Project("{8BC9CEB8-8B4A-11D0-8D11-00A0C91BC942}") = "ClientConsole", "ClientConsole\ClientConsole.vcxproj", "{6830DF1F-7C40-4D89-B73E-CF722134083C}"
EndProject
Global
	GlobalSection(SolutionConfigurationPlatforms) = preSolution
		Debug|x64 = Debug|x64
		Debug|x86 = Debug|x86
		Release|x64 = Release|x64
		Release|x86 = Release|x86
	EndGlobalSection
	GlobalSection(ProjectConfigurationPlatforms) = postSolution
		{A463E44E-F0AF-4CA1-93F8-4F7613DA8010}.Debug|x64.ActiveCfg = Debug|x64
		{A463E44E-F0AF-4CA1-93F8-4F7613DA8010}.Debug|x64.Build.0 = Debug|x64
		{A463E44E-F0AF-4CA1-93F8-4F7613DA8010}.Debug|x86.ActiveCfg = Debug|Win32
		{A463E44E-F0AF-4CA1-93F8-4F7613DA8010}.Debug|x86.Build.0 = Debug|Win32
		{A463E44E-F0AF-4CA1-93F8-4F7613DA8010}.Release|x64.ActiveCfg = Release|x64
		{A463E44E-F0AF-4CA1-93F8-4F7613DA8010}.Release|x64.Build.0 = Release|x64
		{A463E44E-F0AF-4CA1-93F8-4F7613DA8010}.Release|x86.ActiveCfg = Release|Win32
		{A463E44E-F0AF-4CA1-93F8-4F7613DA8010}.Release|x86.Build.0 = Release|Win32
		{6830DF1F-7C40-4D89-B73E-CF722134083C}.Debug|x64.ActiveCfg = Debug|x64
		{6830DF1F-7C40-4D89-B73E-CF722134083C}.Debug|x64.Build.0 = Debug|x64
		{6830DF1F-7C40-4D89-B73E-CF722134083C}.Debug|x86.ActiveCfg = Debug|Win32
		{6830DF1F-7C40-4D89-B73E-CF722134083C}.Debug|x86.Build.0 = Debug|Win32
		{6830DF1F-7C40-4D89-B73E-CF722134083C}.Release|x64.ActiveCfg = Release|x64
		{6830DF1F-7C40-4D89-B73E-CF722134083C}.Release|x64.Build.0 = Release|x64
		{6830DF1F-7C40-4D89-B73E-CF722134083C}.Release|x86.ActiveCfg = Release|Win32
		{6830DF1F-7C40-4D89-B73E-CF722134083C}.Release|x86.Build.0 = Release|Win32
	EndGlobalSection
	GlobalSection(SolutionProperties) = preSolution
		HideSolutionNode = FALSE
	EndGlobalSection
	GlobalSection(ExtensibilityGlobals) = postSolution
		SolutionGuid = {1AFFDD36-171E-46F8-A1F7-30FA9D48BED8}
	EndGlobalSection
EndGlobal
